# This file is autogenerated, do not edit; changes may be undone by the next 'dep ensure'.


[[projects]]
  name = "github.com/CharlesHolbrow/eternal"
  packages = ["."]
  revision = "ad794484f1b0f16121af865ddeaa3e51c36d4156"
  version = "v0.1.1"

[[projects]]
  name = "github.com/CharlesHolbrow/pubsub"
  packages = ["."]
  revision = "5349a146d97f5a393e9c76eccd1201417cb564e3"
  version = "v0.1.0"

[[projects]]
  name = "github.com/CharlesHolbrow/synk"
  packages = ["."]
  revision = "158d2eb2d9103157307bca6155563fd22641d109"
  version = "v0.2.0"

[[projects]]
  name = "github.com/garyburd/redigo"
  packages = [
    "internal",
    "redis"
  ]
  revision = "a69d19351219b6dd56f274f96d85a7014a2ec34e"
  version = "v1.6.0"

[[projects]]
  name = "github.com/gorilla/websocket"
  packages = ["."]
  revision = "ea4d1f681babbce9545c9c5f3d5194a789c89f5b"
  version = "v1.2.0"

[[projects]]
  branch = "v2"
  name = "gopkg.in/mgo.v2"
  packages = [
    ".",
    "bson",
    "internal/json",
    "internal/sasl",
    "internal/scram"
  ]
  revision = "3f83fa5005286a7fe593b055f0d7771a7dce4655"

[solve-meta]
  analyzer-name = "dep"
  analyzer-version = 1
  inputs-digest = "0418ca650aa853a0b495d1d70ac15d51978826a2cde57e4f04f2696676e2d362"
  solver-name = "gps-cdcl"
  solver-version = 1
