# This file is autogenerated, do not edit; changes may be undone by the next 'dep ensure'.


[[projects]]
  name = "github.com/CharlesHolbrow/eternal"
  packages = ["."]
  revision = "bef79f6a71d4376a089662c8bce6683816a7087f"
  version = "v0.3.0-rc2"

[[projects]]
  name = "github.com/CharlesHolbrow/pubsub"
  packages = ["."]
  revision = "5349a146d97f5a393e9c76eccd1201417cb564e3"
  version = "v0.1.0"

[[projects]]
  name = "github.com/CharlesHolbrow/synk"
  packages = ["."]
  revision = "ae5636efcb1c0e434f1daf9e40f1b69c5df5676a"
  version = "v0.3.0-rc.1"

[[projects]]
  name = "github.com/garyburd/redigo"
  packages = [
    "internal",
    "redis"
  ]
  revision = "a69d19351219b6dd56f274f96d85a7014a2ec34e"
  version = "v1.6.0"

[[projects]]
  name = "github.com/gorilla/websocket"
  packages = ["."]
  revision = "ea4d1f681babbce9545c9c5f3d5194a789c89f5b"
  version = "v1.2.0"

[[projects]]
  branch = "v2"
  name = "gopkg.in/mgo.v2"
  packages = [
    ".",
    "bson",
    "internal/json",
    "internal/sasl",
    "internal/scram"
  ]
  revision = "3f83fa5005286a7fe593b055f0d7771a7dce4655"

[solve-meta]
  analyzer-name = "dep"
  analyzer-version = 1
  inputs-digest = "118c0a1b35d10b00c0354ea0de873c8da8acdd68400dd4577c4000bc2147a2b0"
  solver-name = "gps-cdcl"
  solver-version = 1
